{
  "version": 4,
  "terraform_version": "1.6.2",
  "serial": 54,
  "lineage": "4f5b48c4-cec5-2d87-b298-82b8e3bd3f90",
  "outputs": {
    "public_ip_address": {
      "value": "az-linux-vm: ",
      "type": "string"
    }
  },
  "resources": [
    {
      "mode": "data",
      "type": "azurerm_public_ip",
      "name": "az-tf-ds",
      "provider": "provider[\"registry.terraform.io/hashicorp/azurerm\"]",
      "instances": [
        {
          "schema_version": 0,
          "attributes": {
            "allocation_method": "Dynamic",
            "domain_name_label": "",
            "fqdn": "",
            "id": "/subscriptions/15f1aaf3-10c8-43f5-931b-28a1f3232bbb/resourceGroups/az-tf-demo/providers/Microsoft.Network/publicIPAddresses/az-public-ip",
            "idle_timeout_in_minutes": 4,
            "ip_address": "",
            "ip_tags": {},
            "ip_version": "IPv4",
            "location": "eastus",
            "name": "az-public-ip",
            "resource_group_name": "az-tf-demo",
            "reverse_fqdn": "",
            "sku": "Basic",
            "tags": {
              "environment": "dev"
            },
            "timeouts": null,
            "zones": []
          },
          "sensitive_attributes": []
        }
      ]
    },
    {
      "mode": "managed",
      "type": "azurerm_data_factory",
      "name": "az-tf-df",
      "provider": "provider[\"registry.terraform.io/hashicorp/azurerm\"]",
      "instances": [
        {
          "schema_version": 2,
          "attributes": {
            "customer_managed_key_id": "",
            "customer_managed_key_identity_id": "",
            "github_configuration": [],
            "global_parameter": [],
            "id": "/subscriptions/15f1aaf3-10c8-43f5-931b-28a1f3232bbb/resourceGroups/az-tf-demo/providers/Microsoft.DataFactory/factories/az-data-factory-demo",
            "identity": [],
            "location": "eastus",
            "managed_virtual_network_enabled": false,
            "name": "az-data-factory-demo",
            "public_network_enabled": true,
            "resource_group_name": "az-tf-demo",
            "tags": null,
            "timeouts": null,
            "vsts_configuration": []
          },
          "sensitive_attributes": [],
          "private": "eyJlMmJmYjczMC1lY2FhLTExZTYtOGY4OC0zNDM2M2JjN2M0YzAiOnsiY3JlYXRlIjoxODAwMDAwMDAwMDAwLCJkZWxldGUiOjE4MDAwMDAwMDAwMDAsInJlYWQiOjMwMDAwMDAwMDAwMCwidXBkYXRlIjoxODAwMDAwMDAwMDAwfSwic2NoZW1hX3ZlcnNpb24iOiIyIn0=",
          "dependencies": [
            "azurerm_resource_group.az-tf-rg"
          ]
        }
      ]
    },
    {
      "mode": "managed",
      "type": "azurerm_linux_virtual_machine",
      "name": "az-tf-lvm",
      "provider": "provider[\"registry.terraform.io/hashicorp/azurerm\"]",
      "instances": [
        {
          "schema_version": 0,
          "attributes": {
            "additional_capabilities": [],
            "admin_password": null,
            "admin_ssh_key": [
              {
                "public_key": "ssh-rsa AAAAB3NzaC1yc2EAAAADAQABAAABgQCtCZLXtyy5Qv82qKNKl6tjqbeWpk2yuLI/LUyC3CgP5cToMgAI/ZT6nqDnqvzQYMjI8y1PmGkBDBOfgxLFCqHMtk3SA95bhBeSh64QJqZ/YPvXVmmSn3/+y92bqoHmhZSwwWIQeKxZv3OSPdtXgwfk/rPxjO2l9tj7Qyz2PMCjlAPYHbszpKvabD+Ja68XzKfqFo2QSlvlnr/+xex1TOYtBkKclKVOHbOPxdwX7JICGMFuHJvR1o8vaNRdWMEWQa06hlCKbGv0M0l0/B0BSgqLlS8IVhiQc7735iyYmuahMbC+SAUYeUKspzEdnLVdS0sJ4TsT0ZIK3FU1Jhe8PM+HUKZdCpa1BWn0YblyaqgrFwM/7g0/YUzq1aJUICjENL5DshRHTtZC52qnF0LbtFA58heCrdtxOKJ13l8/s8rDnAVyiegWcdlPZTcDUHPHs/jhHMWQjis2PHztCByMOPfXs09HzJGNTRYsejVZRqUGXALidgNNs2wNNY8oRIe7sTM= ap\\soniansh@U-9QM9M33\r\n",
                "username": "adminuser"
              }
            ],
            "admin_username": "adminuser",
            "allow_extension_operations": true,
            "availability_set_id": "",
            "boot_diagnostics": [],
            "computer_name": "az-linux-vm",
            "custom_data": "IyEvYmluL2Jhc2gNCnN1ZG8gYXB0LWdldCB1cGRhdGUgLXkgJiYNCnN1ZG8gYXB0LWdldCBpbnN0YWxsIC15IFwNCmFwdC10cmFuc3BvcnQtaHR0cHMgXA0KY2EtY2VydGlmaWNhdGVzIFwNCmN1cmwgXA0KZ251cGctYWdlbnQgXA0Kc29mdHdhcmUtcHJvcGVydGllcy1jb21tb24gJiYNCmN1cmwgLWZzU0wgaHR0cHM6Ly9kb3dubG9hZC5kb2NrZXIuY29tL2xpbnV4L3VidW50dS9ncGcgfCBzdWRvIGFwdC1rZXkgYWRkICYmDQpzdWRvIGFkZC1hcHQtcmVwb3NpdG9yeSAiZGViIFthcmNoLWFtZDY0XSBodHRwczovL2Rvd25sb2FkLmRvY2tlci5jb20vbGludXgvdWJ1bnR1ICQobHNiX3JlbGVhc2UgLWNzKSBzdGFibGUiICYmDQpzdWRvIGFwdC1nZXQgdXBkYXRlIC15ICYmDQpzdWRvIHN1ZG8gYXB0LWdldCBpbnN0YWxsIGRvY2tlci1jZSBkb2NrZXItY2UtY2xpIGNvbnRhaW5lcmQuaW8gLXkgJiYNCnN1ZG8gdXNlcm1vZCAtYUcgZG9ja2VyIHVidW50dQ0K",
            "dedicated_host_group_id": "",
            "dedicated_host_id": "",
            "disable_password_authentication": true,
            "edge_zone": "",
            "encryption_at_host_enabled": false,
            "eviction_policy": "",
            "extensions_time_budget": "PT1H30M",
            "id": "/subscriptions/15f1aaf3-10c8-43f5-931b-28a1f3232bbb/resourceGroups/az-tf-demo/providers/Microsoft.Compute/virtualMachines/az-linux-vm",
            "identity": [],
            "license_type": "",
            "location": "eastus",
            "max_bid_price": -1,
            "name": "az-linux-vm",
            "network_interface_ids": [
              "/subscriptions/15f1aaf3-10c8-43f5-931b-28a1f3232bbb/resourceGroups/az-tf-demo/providers/Microsoft.Network/networkInterfaces/az-network-interface"
            ],
            "os_disk": [
              {
                "caching": "ReadWrite",
                "diff_disk_settings": [],
                "disk_encryption_set_id": "",
                "disk_size_gb": 30,
                "name": "az-linux-vm_OsDisk_1_c786f1bc908f44d69af872c83a02a1b6",
                "storage_account_type": "Standard_LRS",
                "write_accelerator_enabled": false
              }
            ],
            "patch_mode": "ImageDefault",
            "plan": [],
            "platform_fault_domain": -1,
            "priority": "Regular",
            "private_ip_address": "10.0.1.4",
            "private_ip_addresses": [
              "10.0.1.4"
            ],
            "provision_vm_agent": true,
            "proximity_placement_group_id": "",
            "public_ip_address": "",
            "public_ip_addresses": [],
            "resource_group_name": "az-tf-demo",
            "secret": [],
            "secure_boot_enabled": false,
            "size": "Standard_F2",
            "source_image_id": "",
            "source_image_reference": [
              {
                "offer": "0001-com-ubuntu-server-jammy",
                "publisher": "Canonical",
                "sku": "22_04-lts",
                "version": "latest"
              }
            ],
            "tags": {
              "environment": "dev"
            },
            "termination_notification": [],
            "timeouts": null,
            "user_data": "",
            "virtual_machine_id": "1355493f-ad2b-4ae5-a779-656edbfb9525",
            "virtual_machine_scale_set_id": "",
            "vtpm_enabled": false,
            "zone": ""
          },
          "sensitive_attributes": [],
          "private": "eyJlMmJmYjczMC1lY2FhLTExZTYtOGY4OC0zNDM2M2JjN2M0YzAiOnsiY3JlYXRlIjoyNzAwMDAwMDAwMDAwLCJkZWxldGUiOjI3MDAwMDAwMDAwMDAsInJlYWQiOjMwMDAwMDAwMDAwMCwidXBkYXRlIjoyNzAwMDAwMDAwMDAwfX0=",
          "dependencies": [
            "azurerm_network_interface.az-tf-nif",
            "azurerm_public_ip.az-tf-pub-ip",
            "azurerm_resource_group.az-tf-rg",
            "azurerm_subnet.az-tf-sn",
            "azurerm_virtual_network.az-tf-vn"
          ]
        }
      ]
    },
    {
      "mode": "managed",
      "type": "azurerm_network_interface",
      "name": "az-tf-nif",
      "provider": "provider[\"registry.terraform.io/hashicorp/azurerm\"]",
      "instances": [
        {
          "schema_version": 0,
          "attributes": {
            "applied_dns_servers": [],
            "dns_servers": [],
            "edge_zone": "",
            "enable_accelerated_networking": false,
            "enable_ip_forwarding": false,
            "id": "/subscriptions/15f1aaf3-10c8-43f5-931b-28a1f3232bbb/resourceGroups/az-tf-demo/providers/Microsoft.Network/networkInterfaces/az-network-interface",
            "internal_dns_name_label": "",
            "internal_domain_name_suffix": "",
            "ip_configuration": [
              {
                "gateway_load_balancer_frontend_ip_configuration_id": "",
                "name": "internal",
                "primary": true,
                "private_ip_address": "10.0.1.4",
                "private_ip_address_allocation": "Dynamic",
                "private_ip_address_version": "IPv4",
                "public_ip_address_id": "/subscriptions/15f1aaf3-10c8-43f5-931b-28a1f3232bbb/resourceGroups/az-tf-demo/providers/Microsoft.Network/publicIPAddresses/az-public-ip",
                "subnet_id": "/subscriptions/15f1aaf3-10c8-43f5-931b-28a1f3232bbb/resourceGroups/az-tf-demo/providers/Microsoft.Network/virtualNetworks/az-virtual-network/subnets/az-subnet"
              }
            ],
            "location": "eastus",
            "mac_address": "60-45-BD-DC-04-2F",
            "name": "az-network-interface",
            "private_ip_address": "10.0.1.4",
            "private_ip_addresses": [
              "10.0.1.4"
            ],
            "resource_group_name": "az-tf-demo",
            "tags": {
              "environment": "dev"
            },
            "timeouts": null,
            "virtual_machine_id": "/subscriptions/15f1aaf3-10c8-43f5-931b-28a1f3232bbb/resourceGroups/az-tf-demo/providers/Microsoft.Compute/virtualMachines/az-linux-vm"
          },
          "sensitive_attributes": [],
          "private": "eyJlMmJmYjczMC1lY2FhLTExZTYtOGY4OC0zNDM2M2JjN2M0YzAiOnsiY3JlYXRlIjoxODAwMDAwMDAwMDAwLCJkZWxldGUiOjE4MDAwMDAwMDAwMDAsInJlYWQiOjMwMDAwMDAwMDAwMCwidXBkYXRlIjoxODAwMDAwMDAwMDAwfX0=",
          "dependencies": [
            "azurerm_public_ip.az-tf-pub-ip",
            "azurerm_resource_group.az-tf-rg",
            "azurerm_subnet.az-tf-sn",
            "azurerm_virtual_network.az-tf-vn"
          ]
        }
      ]
    },
    {
      "mode": "managed",
      "type": "azurerm_network_security_group",
      "name": "az-tf-nsg",
      "provider": "provider[\"registry.terraform.io/hashicorp/azurerm\"]",
      "instances": [
        {
          "schema_version": 0,
          "attributes": {
            "id": "/subscriptions/15f1aaf3-10c8-43f5-931b-28a1f3232bbb/resourceGroups/az-tf-demo/providers/Microsoft.Network/networkSecurityGroups/az-network-security-group",
            "location": "eastus",
            "name": "az-network-security-group",
            "resource_group_name": "az-tf-demo",
            "security_rule": [
              {
                "access": "Allow",
                "description": "",
                "destination_address_prefix": "*",
                "destination_address_prefixes": [],
                "destination_application_security_group_ids": [],
                "destination_port_range": "*",
                "destination_port_ranges": [],
                "direction": "Inbound",
                "name": "az-tf-sec-rule",
                "priority": 100,
                "protocol": "*",
                "source_address_prefix": "*",
                "source_address_prefixes": [],
                "source_application_security_group_ids": [],
                "source_port_range": "*",
                "source_port_ranges": []
              }
            ],
            "tags": {
              "environment": "dev"
            },
            "timeouts": null
          },
          "sensitive_attributes": [],
          "private": "eyJlMmJmYjczMC1lY2FhLTExZTYtOGY4OC0zNDM2M2JjN2M0YzAiOnsiY3JlYXRlIjoxODAwMDAwMDAwMDAwLCJkZWxldGUiOjE4MDAwMDAwMDAwMDAsInJlYWQiOjMwMDAwMDAwMDAwMCwidXBkYXRlIjoxODAwMDAwMDAwMDAwfX0=",
          "dependencies": [
            "azurerm_resource_group.az-tf-rg"
          ]
        }
      ]
    },
    {
      "mode": "managed",
      "type": "azurerm_public_ip",
      "name": "az-tf-pub-ip",
      "provider": "provider[\"registry.terraform.io/hashicorp/azurerm\"]",
      "instances": [
        {
          "schema_version": 0,
          "attributes": {
            "allocation_method": "Dynamic",
            "domain_name_label": null,
            "edge_zone": "",
            "fqdn": null,
            "id": "/subscriptions/15f1aaf3-10c8-43f5-931b-28a1f3232bbb/resourceGroups/az-tf-demo/providers/Microsoft.Network/publicIPAddresses/az-public-ip",
            "idle_timeout_in_minutes": 4,
            "ip_address": "",
            "ip_tags": {},
            "ip_version": "IPv4",
            "location": "eastus",
            "name": "az-public-ip",
            "public_ip_prefix_id": null,
            "resource_group_name": "az-tf-demo",
            "reverse_fqdn": null,
            "sku": "Basic",
            "sku_tier": "Regional",
            "tags": {
              "environment": "dev"
            },
            "timeouts": null,
            "zones": []
          },
          "sensitive_attributes": [],
          "private": "eyJlMmJmYjczMC1lY2FhLTExZTYtOGY4OC0zNDM2M2JjN2M0YzAiOnsiY3JlYXRlIjoxODAwMDAwMDAwMDAwLCJkZWxldGUiOjE4MDAwMDAwMDAwMDAsInJlYWQiOjMwMDAwMDAwMDAwMCwidXBkYXRlIjoxODAwMDAwMDAwMDAwfX0=",
          "dependencies": [
            "azurerm_resource_group.az-tf-rg"
          ]
        }
      ]
    },
    {
      "mode": "managed",
      "type": "azurerm_resource_group",
      "name": "az-tf-rg",
      "provider": "provider[\"registry.terraform.io/hashicorp/azurerm\"]",
      "instances": [
        {
          "schema_version": 0,
          "attributes": {
            "id": "/subscriptions/15f1aaf3-10c8-43f5-931b-28a1f3232bbb/resourceGroups/az-tf-demo",
            "location": "eastus",
            "name": "az-tf-demo",
            "tags": {
              "environment": "dev"
            },
            "timeouts": null
          },
          "sensitive_attributes": [],
          "private": "eyJlMmJmYjczMC1lY2FhLTExZTYtOGY4OC0zNDM2M2JjN2M0YzAiOnsiY3JlYXRlIjo1NDAwMDAwMDAwMDAwLCJkZWxldGUiOjU0MDAwMDAwMDAwMDAsInJlYWQiOjMwMDAwMDAwMDAwMCwidXBkYXRlIjo1NDAwMDAwMDAwMDAwfX0="
        }
      ]
    },
    {
      "mode": "managed",
      "type": "azurerm_subnet",
      "name": "az-tf-sn",
      "provider": "provider[\"registry.terraform.io/hashicorp/azurerm\"]",
      "instances": [
        {
          "schema_version": 0,
          "attributes": {
            "address_prefixes": [
              "10.0.1.0/24"
            ],
            "delegation": [],
            "enforce_private_link_endpoint_network_policies": false,
            "enforce_private_link_service_network_policies": false,
            "id": "/subscriptions/15f1aaf3-10c8-43f5-931b-28a1f3232bbb/resourceGroups/az-tf-demo/providers/Microsoft.Network/virtualNetworks/az-virtual-network/subnets/az-subnet",
            "name": "az-subnet",
            "resource_group_name": "az-tf-demo",
            "service_endpoint_policy_ids": [],
            "service_endpoints": [],
            "timeouts": null,
            "virtual_network_name": "az-virtual-network"
          },
          "sensitive_attributes": [],
          "private": "eyJlMmJmYjczMC1lY2FhLTExZTYtOGY4OC0zNDM2M2JjN2M0YzAiOnsiY3JlYXRlIjoxODAwMDAwMDAwMDAwLCJkZWxldGUiOjE4MDAwMDAwMDAwMDAsInJlYWQiOjMwMDAwMDAwMDAwMCwidXBkYXRlIjoxODAwMDAwMDAwMDAwfX0=",
          "dependencies": [
            "azurerm_resource_group.az-tf-rg",
            "azurerm_virtual_network.az-tf-vn"
          ]
        }
      ]
    },
    {
      "mode": "managed",
      "type": "azurerm_subnet_network_security_group_association",
      "name": "az-tf-snsga",
      "provider": "provider[\"registry.terraform.io/hashicorp/azurerm\"]",
      "instances": [
        {
          "schema_version": 0,
          "attributes": {
            "id": "/subscriptions/15f1aaf3-10c8-43f5-931b-28a1f3232bbb/resourceGroups/az-tf-demo/providers/Microsoft.Network/virtualNetworks/az-virtual-network/subnets/az-subnet",
            "network_security_group_id": "/subscriptions/15f1aaf3-10c8-43f5-931b-28a1f3232bbb/resourceGroups/az-tf-demo/providers/Microsoft.Network/networkSecurityGroups/az-network-security-group",
            "subnet_id": "/subscriptions/15f1aaf3-10c8-43f5-931b-28a1f3232bbb/resourceGroups/az-tf-demo/providers/Microsoft.Network/virtualNetworks/az-virtual-network/subnets/az-subnet",
            "timeouts": null
          },
          "sensitive_attributes": [],
          "private": "eyJlMmJmYjczMC1lY2FhLTExZTYtOGY4OC0zNDM2M2JjN2M0YzAiOnsiY3JlYXRlIjoxODAwMDAwMDAwMDAwLCJkZWxldGUiOjE4MDAwMDAwMDAwMDAsInJlYWQiOjMwMDAwMDAwMDAwMCwidXBkYXRlIjoxODAwMDAwMDAwMDAwfX0=",
          "dependencies": [
            "azurerm_network_security_group.az-tf-nsg",
            "azurerm_resource_group.az-tf-rg",
            "azurerm_subnet.az-tf-sn",
            "azurerm_virtual_network.az-tf-vn"
          ]
        }
      ]
    },
    {
      "mode": "managed",
      "type": "azurerm_virtual_network",
      "name": "az-tf-vn",
      "provider": "provider[\"registry.terraform.io/hashicorp/azurerm\"]",
      "instances": [
        {
          "schema_version": 0,
          "attributes": {
            "address_space": [
              "10.0.0.0/16"
            ],
            "bgp_community": "",
            "ddos_protection_plan": [],
            "dns_servers": [],
            "edge_zone": "",
            "flow_timeout_in_minutes": 0,
            "guid": "acd85236-fd87-4299-b4d1-62f7e14a0f89",
            "id": "/subscriptions/15f1aaf3-10c8-43f5-931b-28a1f3232bbb/resourceGroups/az-tf-demo/providers/Microsoft.Network/virtualNetworks/az-virtual-network",
            "location": "eastus",
            "name": "az-virtual-network",
            "resource_group_name": "az-tf-demo",
            "subnet": [
              {
                "address_prefix": "10.0.1.0/24",
                "id": "/subscriptions/15f1aaf3-10c8-43f5-931b-28a1f3232bbb/resourceGroups/az-tf-demo/providers/Microsoft.Network/virtualNetworks/az-virtual-network/subnets/az-subnet",
                "name": "az-subnet",
                "security_group": "/subscriptions/15f1aaf3-10c8-43f5-931b-28a1f3232bbb/resourceGroups/az-tf-demo/providers/Microsoft.Network/networkSecurityGroups/az-network-security-group"
              }
            ],
            "tags": {
              "environment": "dev"
            },
            "timeouts": null
          },
          "sensitive_attributes": [],
          "private": "eyJlMmJmYjczMC1lY2FhLTExZTYtOGY4OC0zNDM2M2JjN2M0YzAiOnsiY3JlYXRlIjoxODAwMDAwMDAwMDAwLCJkZWxldGUiOjE4MDAwMDAwMDAwMDAsInJlYWQiOjMwMDAwMDAwMDAwMCwidXBkYXRlIjoxODAwMDAwMDAwMDAwfX0=",
          "dependencies": [
            "azurerm_resource_group.az-tf-rg"
          ]
        }
      ]
    }
  ],
  "check_results": null
}
